
Microsoft Visual Studio Solution File, Format Version 12.00
# Visual Studio 14
VisualStudioVersion = 14.0.24720.0
MinimumVisualStudioVersion = 10.0.40219.1
Project("{FAE04EC0-301F-11D3-BF4B-00C04F79EFBC}") = "Crawler_Dialog_Post", "Crawler_Dialog\Crawler_Dialog_Post.csproj", "{D3878F18-0504-4030-83C4-EBF0C01F5D21}"
EndProject
Project("{FAE04EC0-301F-11D3-BF4B-00C04F79EFBC}") = "Crawler_Dialog_Structs", "Crawler_Dialog_Structs\Crawler_Dialog_Structs.csproj", "{567B032A-AF95-4AD7-AC8C-7422377C5F49}"
EndProject
Project("{FAE04EC0-301F-11D3-BF4B-00C04F79EFBC}") = "Crawler_Dialog_Grab", "Crawler_Dialog_Grab\Crawler_Dialog_Grab.csproj", "{5A4BBCB8-48F7-436D-9528-D2493386351F}"
EndProject
Project("{FAE04EC0-301F-11D3-BF4B-00C04F79EFBC}") = "Crawler_Dialog_Interpret", "Crawler_Dialog_Interpret\Crawler_Dialog_Interpret.csproj", "{DDD5BA31-4E7E-4A1C-807A-B09688642CB9}"
EndProject
Global
	GlobalSection(SolutionConfigurationPlatforms) = preSolution
		Debug|Any CPU = Debug|Any CPU
		Release|Any CPU = Release|Any CPU
	EndGlobalSection
	GlobalSection(ProjectConfigurationPlatforms) = postSolution
		{D3878F18-0504-4030-83C4-EBF0C01F5D21}.Debug|Any CPU.ActiveCfg = Debug|Any CPU
		{D3878F18-0504-4030-83C4-EBF0C01F5D21}.Debug|Any CPU.Build.0 = Debug|Any CPU
		{D3878F18-0504-4030-83C4-EBF0C01F5D21}.Release|Any CPU.ActiveCfg = Release|Any CPU
		{D3878F18-0504-4030-83C4-EBF0C01F5D21}.Release|Any CPU.Build.0 = Release|Any CPU
		{567B032A-AF95-4AD7-AC8C-7422377C5F49}.Debug|Any CPU.ActiveCfg = Debug|Any CPU
		{567B032A-AF95-4AD7-AC8C-7422377C5F49}.Debug|Any CPU.Build.0 = Debug|Any CPU
		{567B032A-AF95-4AD7-AC8C-7422377C5F49}.Release|Any CPU.ActiveCfg = Release|Any CPU
		{567B032A-AF95-4AD7-AC8C-7422377C5F49}.Release|Any CPU.Build.0 = Release|Any CPU
		{5A4BBCB8-48F7-436D-9528-D2493386351F}.Debug|Any CPU.ActiveCfg = Debug|Any CPU
		{5A4BBCB8-48F7-436D-9528-D2493386351F}.Debug|Any CPU.Build.0 = Debug|Any CPU
		{5A4BBCB8-48F7-436D-9528-D2493386351F}.Release|Any CPU.ActiveCfg = Release|Any CPU
		{5A4BBCB8-48F7-436D-9528-D2493386351F}.Release|Any CPU.Build.0 = Release|Any CPU
		{DDD5BA31-4E7E-4A1C-807A-B09688642CB9}.Debug|Any CPU.ActiveCfg = Debug|Any CPU
		{DDD5BA31-4E7E-4A1C-807A-B09688642CB9}.Debug|Any CPU.Build.0 = Debug|Any CPU
		{DDD5BA31-4E7E-4A1C-807A-B09688642CB9}.Release|Any CPU.ActiveCfg = Release|Any CPU
		{DDD5BA31-4E7E-4A1C-807A-B09688642CB9}.Release|Any CPU.Build.0 = Release|Any CPU
	EndGlobalSection
	GlobalSection(SolutionProperties) = preSolution
		HideSolutionNode = FALSE
	EndGlobalSection
EndGlobal
